
Microsoft Visual Studio Solution File, Format Version 12.00
# Visual Studio Version 17
VisualStudioVersion = 17.14.36327.8
MinimumVisualStudioVersion = 10.0.40219.1
Project("{FAE04EC0-301F-11D3-BF4B-00C04F79EFBC}") = "Utils", "src\Utils\Utils.csproj", "{BA280D64-E6AF-4BC9-927B-F156E68A7225}"
EndProject
Project("{FAE04EC0-301F-11D3-BF4B-00C04F79EFBC}") = "DemoApp", "tests\demoApp\DemoApp.csproj", "{AB293C5F-8626-4CEA-981A-1DEDDD37E8DA}"
EndProject
Global
	GlobalSection(SolutionConfigurationPlatforms) = preSolution
		Debug|Any CPU = Debug|Any CPU
		Release|Any CPU = Release|Any CPU
	EndGlobalSection
	GlobalSection(ProjectConfigurationPlatforms) = postSolution
		{BA280D64-E6AF-4BC9-927B-F156E68A7225}.Debug|Any CPU.ActiveCfg = Debug|Any CPU
		{BA280D64-E6AF-4BC9-927B-F156E68A7225}.Debug|Any CPU.Build.0 = Debug|Any CPU
		{BA280D64-E6AF-4BC9-927B-F156E68A7225}.Release|Any CPU.ActiveCfg = Release|Any CPU
		{BA280D64-E6AF-4BC9-927B-F156E68A7225}.Release|Any CPU.Build.0 = Release|Any CPU
		{AB293C5F-8626-4CEA-981A-1DEDDD37E8DA}.Debug|Any CPU.ActiveCfg = Debug|Any CPU
		{AB293C5F-8626-4CEA-981A-1DEDDD37E8DA}.Debug|Any CPU.Build.0 = Debug|Any CPU
		{AB293C5F-8626-4CEA-981A-1DEDDD37E8DA}.Release|Any CPU.ActiveCfg = Release|Any CPU
		{AB293C5F-8626-4CEA-981A-1DEDDD37E8DA}.Release|Any CPU.Build.0 = Release|Any CPU
	EndGlobalSection
	GlobalSection(SolutionProperties) = preSolution
		HideSolutionNode = FALSE
	EndGlobalSection
	GlobalSection(ExtensibilityGlobals) = postSolution
		SolutionGuid = {00231F86-9C39-4015-8ED4-98BE85EBED78}
	EndGlobalSection
EndGlobal
